
Microsoft Visual Studio Solution File, Format Version 12.00
# Visual Studio Version 16
VisualStudioVersion = 25.0.1706.4
MinimumVisualStudioVersion = 10.0.40219.1
Project("{FAE04EC0-301F-11D3-BF4B-00C04F79EFBC}") = "Testingdll", "Testingdll\Testingdll.csproj", "{38D1E605-7D3E-4900-9341-5C20B35D417E}"
EndProject
Project("{FAE04EC0-301F-11D3-BF4B-00C04F79EFBC}") = "DLL", "DLL\DLL.csproj", "{3269995C-A4DE-4DE5-804E-72BB419DFB84}"
EndProject
Project("{FAE04EC0-301F-11D3-BF4B-00C04F79EFBC}") = "DLL 2 -MULTIPLY", "DLL 2 -MULTIPLY\DLL 2 -MULTIPLY.csproj", "{ABE52C8F-27FB-4CF1-8215-C0681B8121AE}"
EndProject
Project("{FAE04EC0-301F-11D3-BF4B-00C04F79EFBC}") = "DLL3", "DLL3\DLL3.csproj", "{11F2AD70-82E5-4F1B-A2C0-A3EBF58830FE}"
EndProject
Global
	GlobalSection(SolutionConfigurationPlatforms) = preSolution
		Debug|Any CPU = Debug|Any CPU
		Release|Any CPU = Release|Any CPU
	EndGlobalSection
	GlobalSection(ProjectConfigurationPlatforms) = postSolution
		{38D1E605-7D3E-4900-9341-5C20B35D417E}.Debug|Any CPU.ActiveCfg = Debug|Any CPU
		{38D1E605-7D3E-4900-9341-5C20B35D417E}.Debug|Any CPU.Build.0 = Debug|Any CPU
		{38D1E605-7D3E-4900-9341-5C20B35D417E}.Release|Any CPU.ActiveCfg = Release|Any CPU
		{38D1E605-7D3E-4900-9341-5C20B35D417E}.Release|Any CPU.Build.0 = Release|Any CPU
		{3269995C-A4DE-4DE5-804E-72BB419DFB84}.Debug|Any CPU.ActiveCfg = Debug|Any CPU
		{3269995C-A4DE-4DE5-804E-72BB419DFB84}.Debug|Any CPU.Build.0 = Debug|Any CPU
		{3269995C-A4DE-4DE5-804E-72BB419DFB84}.Release|Any CPU.ActiveCfg = Release|Any CPU
		{3269995C-A4DE-4DE5-804E-72BB419DFB84}.Release|Any CPU.Build.0 = Release|Any CPU
		{ABE52C8F-27FB-4CF1-8215-C0681B8121AE}.Debug|Any CPU.ActiveCfg = Debug|Any CPU
		{ABE52C8F-27FB-4CF1-8215-C0681B8121AE}.Debug|Any CPU.Build.0 = Debug|Any CPU
		{ABE52C8F-27FB-4CF1-8215-C0681B8121AE}.Release|Any CPU.ActiveCfg = Release|Any CPU
		{ABE52C8F-27FB-4CF1-8215-C0681B8121AE}.Release|Any CPU.Build.0 = Release|Any CPU
		{11F2AD70-82E5-4F1B-A2C0-A3EBF58830FE}.Debug|Any CPU.ActiveCfg = Debug|Any CPU
		{11F2AD70-82E5-4F1B-A2C0-A3EBF58830FE}.Debug|Any CPU.Build.0 = Debug|Any CPU
		{11F2AD70-82E5-4F1B-A2C0-A3EBF58830FE}.Release|Any CPU.ActiveCfg = Release|Any CPU
		{11F2AD70-82E5-4F1B-A2C0-A3EBF58830FE}.Release|Any CPU.Build.0 = Release|Any CPU
	EndGlobalSection
	GlobalSection(SolutionProperties) = preSolution
		HideSolutionNode = FALSE
	EndGlobalSection
	GlobalSection(ExtensibilityGlobals) = postSolution
		SolutionGuid = {3F388130-2376-4726-9520-3E665FC29F8B}
	EndGlobalSection
EndGlobal
