
Microsoft Visual Studio Solution File, Format Version 12.00
# Visual Studio Version 16
VisualStudioVersion = 25.0.1706.4
MinimumVisualStudioVersion = 10.0.40219.1
Project("{FAE04EC0-301F-11D3-BF4B-00C04F79EFBC}") = "Heranca", "Heranca\Heranca.csproj", "{86679CAE-73ED-4F40-BED3-16D6F89A559C}"
EndProject
Global
	GlobalSection(SolutionConfigurationPlatforms) = preSolution
		Debug|Any CPU = Debug|Any CPU
		Release|Any CPU = Release|Any CPU
	EndGlobalSection
	GlobalSection(ProjectConfigurationPlatforms) = postSolution
		{86679CAE-73ED-4F40-BED3-16D6F89A559C}.Debug|Any CPU.ActiveCfg = Debug|Any CPU
		{86679CAE-73ED-4F40-BED3-16D6F89A559C}.Debug|Any CPU.Build.0 = Debug|Any CPU
		{86679CAE-73ED-4F40-BED3-16D6F89A559C}.Release|Any CPU.ActiveCfg = Release|Any CPU
		{86679CAE-73ED-4F40-BED3-16D6F89A559C}.Release|Any CPU.Build.0 = Release|Any CPU
	EndGlobalSection
	GlobalSection(SolutionProperties) = preSolution
		HideSolutionNode = FALSE
	EndGlobalSection
	GlobalSection(ExtensibilityGlobals) = postSolution
		SolutionGuid = {54D152E5-6156-41A1-AA3B-ECEF91A78973}
	EndGlobalSection
EndGlobal
