
Microsoft Visual Studio Solution File, Format Version 12.00
# Visual Studio Version 16
VisualStudioVersion = 25.0.1706.4
MinimumVisualStudioVersion = 10.0.40219.1
Project("{FAE04EC0-301F-11D3-BF4B-00C04F79EFBC}") = "teste", "teste\teste.csproj", "{B11DC3EF-53CE-4CD2-8F8E-3C4360B7050C}"
EndProject
Global
	GlobalSection(SolutionConfigurationPlatforms) = preSolution
		Debug|Any CPU = Debug|Any CPU
		Release|Any CPU = Release|Any CPU
	EndGlobalSection
	GlobalSection(ProjectConfigurationPlatforms) = postSolution
		{B11DC3EF-53CE-4CD2-8F8E-3C4360B7050C}.Debug|Any CPU.ActiveCfg = Debug|Any CPU
		{B11DC3EF-53CE-4CD2-8F8E-3C4360B7050C}.Debug|Any CPU.Build.0 = Debug|Any CPU
		{B11DC3EF-53CE-4CD2-8F8E-3C4360B7050C}.Release|Any CPU.ActiveCfg = Release|Any CPU
		{B11DC3EF-53CE-4CD2-8F8E-3C4360B7050C}.Release|Any CPU.Build.0 = Release|Any CPU
	EndGlobalSection
	GlobalSection(SolutionProperties) = preSolution
		HideSolutionNode = FALSE
	EndGlobalSection
	GlobalSection(ExtensibilityGlobals) = postSolution
		SolutionGuid = {274E21ED-0890-45C6-A7EE-D36C5ED4A146}
	EndGlobalSection
EndGlobal
